
Microsoft Visual Studio Solution File, Format Version 12.00
# Visual Studio Version 16
VisualStudioVersion = 16.0.30011.22
MinimumVisualStudioVersion = 10.0.40219.1
Project("{FAE04EC0-301F-11D3-BF4B-00C04F79EFBC}") = "300Messenger", "300Messenger\300Messenger.csproj", "{A770C2C1-3B6B-44CF-A39C-13F53E1954F1}"
EndProject
Project("{FAE04EC0-301F-11D3-BF4B-00C04F79EFBC}") = "Authorization", "Authorization\Authorization.csproj", "{53715C21-8D15-47B7-8BF2-4BD4C176DAD1}"
EndProject
Global
	GlobalSection(SolutionConfigurationPlatforms) = preSolution
		Debug|Any CPU = Debug|Any CPU
		Release|Any CPU = Release|Any CPU
	EndGlobalSection
	GlobalSection(ProjectConfigurationPlatforms) = postSolution
		{A770C2C1-3B6B-44CF-A39C-13F53E1954F1}.Debug|Any CPU.ActiveCfg = Debug|Any CPU
		{A770C2C1-3B6B-44CF-A39C-13F53E1954F1}.Debug|Any CPU.Build.0 = Debug|Any CPU
		{A770C2C1-3B6B-44CF-A39C-13F53E1954F1}.Release|Any CPU.ActiveCfg = Release|Any CPU
		{A770C2C1-3B6B-44CF-A39C-13F53E1954F1}.Release|Any CPU.Build.0 = Release|Any CPU
		{53715C21-8D15-47B7-8BF2-4BD4C176DAD1}.Debug|Any CPU.ActiveCfg = Debug|Any CPU
		{53715C21-8D15-47B7-8BF2-4BD4C176DAD1}.Debug|Any CPU.Build.0 = Debug|Any CPU
		{53715C21-8D15-47B7-8BF2-4BD4C176DAD1}.Release|Any CPU.ActiveCfg = Release|Any CPU
		{53715C21-8D15-47B7-8BF2-4BD4C176DAD1}.Release|Any CPU.Build.0 = Release|Any CPU
	EndGlobalSection
	GlobalSection(SolutionProperties) = preSolution
		HideSolutionNode = FALSE
	EndGlobalSection
	GlobalSection(ExtensibilityGlobals) = postSolution
		SolutionGuid = {0EB94513-4ECA-4772-A22F-419072BB9A91}
	EndGlobalSection
EndGlobal
